// !$*UTF8*$!
{
	archiveVersion = 1;
	classes = {
	};
	objectVersion = 46;
	objects = {

/* Begin PBXBuildFile section */
		A568B4441E2106A500728B56 /* main.m in Sources */ = {isa = PBXBuildFile; fileRef = A568B4431E2106A500728B56 /* main.m */; };
		A568B4471E2106A500728B56 /* AppDelegate.m in Sources */ = {isa = PBXBuildFile; fileRef = A568B4461E2106A500728B56 /* AppDelegate.m */; };
		A568B44A1E2106A500728B56 /* ViewController.mm in Sources */ = {isa = PBXBuildFile; fileRef = A568B4491E2106A500728B56 /* ViewController.mm */; };
		A568B44D1E2106A500728B56 /* Main.storyboard in Resources */ = {isa = PBXBuildFile; fileRef = A568B44B1E2106A500728B56 /* Main.storyboard */; };
		A568B44F1E2106A500728B56 /* Assets.xcassets in Resources */ = {isa = PBXBuildFile; fileRef = A568B44E1E2106A500728B56 /* Assets.xcassets */; };
		A568B4521E2106A500728B56 /* LaunchScreen.storyboard in Resources */ = {isa = PBXBuildFile; fileRef = A568B4501E2106A500728B56 /* LaunchScreen.storyboard */; };
		A568B45A1E21088700728B56 /* opencv2.framework in Frameworks */ = {isa = PBXBuildFile; fileRef = A568B4591E21088700728B56 /* opencv2.framework */; };
		A568B45C1E2108BE00728B56 /* TesseractOCR.framework in Frameworks */ = {isa = PBXBuildFile; fileRef = A568B45B1E2108BE00728B56 /* TesseractOCR.framework */; };
		A568B45E1E2108FD00728B56 /* tessdata in Resources */ = {isa = PBXBuildFile; fileRef = A568B45D1E2108FD00728B56 /* tessdata */; };
		A568B4611E21091C00728B56 /* AssetsLibrary.framework in Frameworks */ = {isa = PBXBuildFile; fileRef = A568B4601E21091C00728B56 /* AssetsLibrary.framework */; };
		A568B4631E21092200728B56 /* AVFoundation.framework in Frameworks */ = {isa = PBXBuildFile; fileRef = A568B4621E21092200728B56 /* AVFoundation.framework */; };
		A568B4651E21092E00728B56 /* CoreMedia.framework in Frameworks */ = {isa = PBXBuildFile; fileRef = A568B4641E21092E00728B56 /* CoreMedia.framework */; };
		A568B4681E2110D600728B56 /* TesseractOCR.framework in Frameworks */ = {isa = PBXBuildFile; fileRef = A568B4671E2110D600728B56 /* TesseractOCR.framework */; };
		A568B46A1E2110EF00728B56 /* opencv2.framework in Frameworks */ = {isa = PBXBuildFile; fileRef = A568B4691E2110EF00728B56 /* opencv2.framework */; };
/* End PBXBuildFile section */

/* Begin PBXFileReference section */
		A568B43F1E2106A500728B56 /* Tesseract Starter.app */ = {isa = PBXFileReference; explicitFileType = wrapper.application; includeInIndex = 0; path = "Tesseract Starter.app"; sourceTree = BUILT_PRODUCTS_DIR; };
		A568B4431E2106A500728B56 /* main.m */ = {isa = PBXFileReference; lastKnownFileType = sourcecode.c.objc; path = main.m; sourceTree = "<group>"; };
		A568B4451E2106A500728B56 /* AppDelegate.h */ = {isa = PBXFileReference; lastKnownFileType = sourcecode.c.h; path = AppDelegate.h; sourceTree = "<group>"; };
		A568B4461E2106A500728B56 /* AppDelegate.m */ = {isa = PBXFileReference; lastKnownFileType = sourcecode.c.objc; path = AppDelegate.m; sourceTree = "<group>"; };
		A568B4481E2106A500728B56 /* ViewController.h */ = {isa = PBXFileReference; lastKnownFileType = sourcecode.c.h; path = ViewController.h; sourceTree = "<group>"; };
		A568B4491E2106A500728B56 /* ViewController.mm */ = {isa = PBXFileReference; lastKnownFileType = sourcecode.cpp.objcpp; path = ViewController.mm; sourceTree = "<group>"; };
		A568B44C1E2106A500728B56 /* Base */ = {isa = PBXFileReference; lastKnownFileType = file.storyboard; name = Base; path = Base.lproj/Main.storyboard; sourceTree = "<group>"; };
		A568B44E1E2106A500728B56 /* Assets.xcassets */ = {isa = PBXFileReference; lastKnownFileType = folder.assetcatalog; path = Assets.xcassets; sourceTree = "<group>"; };
		A568B4511E2106A500728B56 /* Base */ = {isa = PBXFileReference; lastKnownFileType = file.storyboard; name = Base; path = Base.lproj/LaunchScreen.storyboard; sourceTree = "<group>"; };
		A568B4531E2106A500728B56 /* Info.plist */ = {isa = PBXFileReference; lastKnownFileType = text.plist.xml; path = Info.plist; sourceTree = "<group>"; };
		A568B4591E21088700728B56 /* opencv2.framework */ = {isa = PBXFileReference; lastKnownFileType = wrapper.framework; path = opencv2.framework; sourceTree = "<group>"; };
		A568B45B1E2108BE00728B56 /* TesseractOCR.framework */ = {isa = PBXFileReference; lastKnownFileType = wrapper.framework; path = TesseractOCR.framework; sourceTree = "<group>"; };
		A568B45D1E2108FD00728B56 /* tessdata */ = {isa = PBXFileReference; lastKnownFileType = folder; path = tessdata; sourceTree = "<group>"; };
		A568B4601E21091C00728B56 /* AssetsLibrary.framework */ = {isa = PBXFileReference; lastKnownFileType = wrapper.framework; name = AssetsLibrary.framework; path = System/Library/Frameworks/AssetsLibrary.framework; sourceTree = SDKROOT; };
		A568B4621E21092200728B56 /* AVFoundation.framework */ = {isa = PBXFileReference; lastKnownFileType = wrapper.framework; name = AVFoundation.framework; path = System/Library/Frameworks/AVFoundation.framework; sourceTree = SDKROOT; };
		A568B4641E21092E00728B56 /* CoreMedia.framework */ = {isa = PBXFileReference; lastKnownFileType = wrapper.framework; name = CoreMedia.framework; path = System/Library/Frameworks/CoreMedia.framework; sourceTree = SDKROOT; };
		A568B4661E210A9800728B56 /* PrefixHeader.pch */ = {isa = PBXFileReference; lastKnownFileType = sourcecode.c.h; path = PrefixHeader.pch; sourceTree = "<group>"; };
		A568B4671E2110D600728B56 /* TesseractOCR.framework */ = {isa = PBXFileReference; lastKnownFileType = wrapper.framework; path = TesseractOCR.framework; sourceTree = "<group>"; };
		A568B4691E2110EF00728B56 /* opencv2.framework */ = {isa = PBXFileReference; lastKnownFileType = wrapper.framework; path = opencv2.framework; sourceTree = "<group>"; };
/* End PBXFileReference section */

/* Begin PBXFrameworksBuildPhase section */
		A568B43C1E2106A500728B56 /* Frameworks */ = {
			isa = PBXFrameworksBuildPhase;
			buildActionMask = 2147483647;
			files = (
				A568B4651E21092E00728B56 /* CoreMedia.framework in Frameworks */,
				A568B46A1E2110EF00728B56 /* opencv2.framework in Frameworks */,
				A568B4631E21092200728B56 /* AVFoundation.framework in Frameworks */,
				A568B4611E21091C00728B56 /* AssetsLibrary.framework in Frameworks */,
				A568B45C1E2108BE00728B56 /* TesseractOCR.framework in Frameworks */,
				A568B4681E2110D600728B56 /* TesseractOCR.framework in Frameworks */,
				A568B45A1E21088700728B56 /* opencv2.framework in Frameworks */,
			);
			runOnlyForDeploymentPostprocessing = 0;
		};
/* End PBXFrameworksBuildPhase section */

/* Begin PBXGroup section */
		A568B4361E2106A500728B56 = {
			isa = PBXGroup;
			children = (
				A568B4411E2106A500728B56 /* Tesseract Starter */,
				A568B4401E2106A500728B56 /* Products */,
				A568B45F1E21091C00728B56 /* Frameworks */,
			);
			sourceTree = "<group>";
		};
		A568B4401E2106A500728B56 /* Products */ = {
			isa = PBXGroup;
			children = (
				A568B43F1E2106A500728B56 /* Tesseract Starter.app */,
			);
			name = Products;
			sourceTree = "<group>";
		};
		A568B4411E2106A500728B56 /* Tesseract Starter */ = {
			isa = PBXGroup;
			children = (
				A568B4451E2106A500728B56 /* AppDelegate.h */,
				A568B4461E2106A500728B56 /* AppDelegate.m */,
				A568B4481E2106A500728B56 /* ViewController.h */,
				A568B4491E2106A500728B56 /* ViewController.mm */,
				A568B44B1E2106A500728B56 /* Main.storyboard */,
				A568B44E1E2106A500728B56 /* Assets.xcassets */,
				A568B4501E2106A500728B56 /* LaunchScreen.storyboard */,
				A568B4531E2106A500728B56 /* Info.plist */,
				A568B45D1E2108FD00728B56 /* tessdata */,
				A568B4421E2106A500728B56 /* Supporting Files */,
				A568B4661E210A9800728B56 /* PrefixHeader.pch */,
			);
			path = "Tesseract Starter";
			sourceTree = "<group>";
		};
		A568B4421E2106A500728B56 /* Supporting Files */ = {
			isa = PBXGroup;
			children = (
				A568B45B1E2108BE00728B56 /* TesseractOCR.framework */,
				A568B4591E21088700728B56 /* opencv2.framework */,
				A568B4431E2106A500728B56 /* main.m */,
			);
			name = "Supporting Files";
			sourceTree = "<group>";
		};
		A568B45F1E21091C00728B56 /* Frameworks */ = {
			isa = PBXGroup;
			children = (
				A568B4691E2110EF00728B56 /* opencv2.framework */,
				A568B4671E2110D600728B56 /* TesseractOCR.framework */,
				A568B4641E21092E00728B56 /* CoreMedia.framework */,
				A568B4621E21092200728B56 /* AVFoundation.framework */,
				A568B4601E21091C00728B56 /* AssetsLibrary.framework */,
			);
			name = Frameworks;
			sourceTree = "<group>";
		};
/* End PBXGroup section */

/* Begin PBXNativeTarget section */
		A568B43E1E2106A500728B56 /* Tesseract Starter */ = {
			isa = PBXNativeTarget;
			buildConfigurationList = A568B4561E2106A500728B56 /* Build configuration list for PBXNativeTarget "Tesseract Starter" */;
			buildPhases = (
				A568B43B1E2106A500728B56 /* Sources */,
				A568B43C1E2106A500728B56 /* Frameworks */,
				A568B43D1E2106A500728B56 /* Resources */,
			);
			buildRules = (
			);
			dependencies = (
			);
			name = "Tesseract Starter";
			productName = "Tesseract Starter";
			productReference = A568B43F1E2106A500728B56 /* Tesseract Starter.app */;
			productType = "com.apple.product-type.application";
		};
/* End PBXNativeTarget section */

/* Begin PBXProject section */
		A568B4371E2106A500728B56 /* Project object */ = {
			isa = PBXProject;
			attributes = {
				LastUpgradeCheck = 0820;
				ORGANIZATIONNAME = "Marc Hampson";
				TargetAttributes = {
					A568B43E1E2106A500728B56 = {
						CreatedOnToolsVersion = 8.2.1;
						DevelopmentTeam = 4K3RZ7GC4T;
						ProvisioningStyle = Automatic;
					};
				};
			};
			buildConfigurationList = A568B43A1E2106A500728B56 /* Build configuration list for PBXProject "Tesseract Starter" */;
			compatibilityVersion = "Xcode 3.2";
			developmentRegion = English;
			hasScannedForEncodings = 0;
			knownRegions = (
				en,
				Base,
			);
			mainGroup = A568B4361E2106A500728B56;
			productRefGroup = A568B4401E2106A500728B56 /* Products */;
			projectDirPath = "";
			projectRoot = "";
			targets = (
				A568B43E1E2106A500728B56 /* Tesseract Starter */,
			);
		};
/* End PBXProject section */

/* Begin PBXResourcesBuildPhase section */
		A568B43D1E2106A500728B56 /* Resources */ = {
			isa = PBXResourcesBuildPhase;
			buildActionMask = 2147483647;
			files = (
				A568B4521E2106A500728B56 /* LaunchScreen.storyboard in Resources */,
				A568B45E1E2108FD00728B56 /* tessdata in Resources */,
				A568B44F1E2106A500728B56 /* Assets.xcassets in Resources */,
				A568B44D1E2106A500728B56 /* Main.storyboard in Resources */,
			);
			runOnlyForDeploymentPostprocessing = 0;
		};
/* End PBXResourcesBuildPhase section */

/* Begin PBXSourcesBuildPhase section */
		A568B43B1E2106A500728B56 /* Sources */ = {
			isa = PBXSourcesBuildPhase;
			buildActionMask = 2147483647;
			files = (
				A568B44A1E2106A500728B56 /* ViewController.mm in Sources */,
				A568B4471E2106A500728B56 /* AppDelegate.m in Sources */,
				A568B4441E2106A500728B56 /* main.m in Sources */,
			);
			runOnlyForDeploymentPostprocessing = 0;
		};
/* End PBXSourcesBuildPhase section */

/* Begin PBXVariantGroup section */
		A568B44B1E2106A500728B56 /* Main.storyboard */ = {
			isa = PBXVariantGroup;
			children = (
				A568B44C1E2106A500728B56 /* Base */,
			);
			name = Main.storyboard;
			sourceTree = "<group>";
		};
		A568B4501E2106A500728B56 /* LaunchScreen.storyboard */ = {
			isa = PBXVariantGroup;
			children = (
				A568B4511E2106A500728B56 /* Base */,
			);
			name = LaunchScreen.storyboard;
			sourceTree = "<group>";
		};
/* End PBXVariantGroup section */

/* Begin XCBuildConfiguration section */
		A568B4541E2106A500728B56 /* Debug */ = {
			isa = XCBuildConfiguration;
			buildSettings = {
				ALWAYS_SEARCH_USER_PATHS = NO;
				CLANG_ANALYZER_NONNULL = YES;
				CLANG_CXX_LANGUAGE_STANDARD = "gnu++0x";
				CLANG_CXX_LIBRARY = "libc++";
				CLANG_ENABLE_MODULES = YES;
				CLANG_ENABLE_OBJC_ARC = YES;
				CLANG_WARN_BOOL_CONVERSION = YES;
				CLANG_WARN_CONSTANT_CONVERSION = YES;
				CLANG_WARN_DIRECT_OBJC_ISA_USAGE = YES_ERROR;
				CLANG_WARN_DOCUMENTATION_COMMENTS = YES;
				CLANG_WARN_EMPTY_BODY = YES;
				CLANG_WARN_ENUM_CONVERSION = YES;
				CLANG_WARN_INFINITE_RECURSION = YES;
				CLANG_WARN_INT_CONVERSION = YES;
				CLANG_WARN_OBJC_ROOT_CLASS = YES_ERROR;
				CLANG_WARN_SUSPICIOUS_MOVE = YES;
				CLANG_WARN_UNREACHABLE_CODE = YES;
				CLANG_WARN__DUPLICATE_METHOD_MATCH = YES;
				"CODE_SIGN_IDENTITY[sdk=iphoneos*]" = "iPhone Developer";
				COPY_PHASE_STRIP = NO;
				DEBUG_INFORMATION_FORMAT = dwarf;
				ENABLE_STRICT_OBJC_MSGSEND = YES;
				ENABLE_TESTABILITY = YES;
				GCC_C_LANGUAGE_STANDARD = gnu99;
				GCC_DYNAMIC_NO_PIC = NO;
				GCC_NO_COMMON_BLOCKS = YES;
				GCC_OPTIMIZATION_LEVEL = 0;
				GCC_PREPROCESSOR_DEFINITIONS = (
					"DEBUG=1",
					"$(inherited)",
				);
				GCC_WARN_64_TO_32_BIT_CONVERSION = YES;
				GCC_WARN_ABOUT_RETURN_TYPE = YES_ERROR;
				GCC_WARN_UNDECLARED_SELECTOR = YES;
				GCC_WARN_UNINITIALIZED_AUTOS = YES_AGGRESSIVE;
				GCC_WARN_UNUSED_FUNCTION = YES;
				GCC_WARN_UNUSED_VARIABLE = YES;
				IPHONEOS_DEPLOYMENT_TARGET = 10.2;
				MTL_ENABLE_DEBUG_INFO = YES;
				ONLY_ACTIVE_ARCH = YES;
				SDKROOT = iphoneos;
			};
			name = Debug;
		};
		A568B4551E2106A500728B56 /* Release */ = {
			isa = XCBuildConfiguration;
			buildSettings = {
				ALWAYS_SEARCH_USER_PATHS = NO;
				CLANG_ANALYZER_NONNULL = YES;
				CLANG_CXX_LANGUAGE_STANDARD = "gnu++0x";
				CLANG_CXX_LIBRARY = "libc++";
				CLANG_ENABLE_MODULES = YES;
				CLANG_ENABLE_OBJC_ARC = YES;
				CLANG_WARN_BOOL_CONVERSION = YES;
				CLANG_WARN_CONSTANT_CONVERSION = YES;
				CLANG_WARN_DIRECT_OBJC_ISA_USAGE = YES_ERROR;
				CLANG_WARN_DOCUMENTATION_COMMENTS = YES;
				CLANG_WARN_EMPTY_BODY = YES;
				CLANG_WARN_ENUM_CONVERSION = YES;
				CLANG_WARN_INFINITE_RECURSION = YES;
				CLANG_WARN_INT_CONVERSION = YES;
				CLANG_WARN_OBJC_ROOT_CLASS = YES_ERROR;
				CLANG_WARN_SUSPICIOUS_MOVE = YES;
				CLANG_WARN_UNREACHABLE_CODE = YES;
				CLANG_WARN__DUPLICATE_METHOD_MATCH = YES;
				"CODE_SIGN_IDENTITY[sdk=iphoneos*]" = "iPhone Developer";
				COPY_PHASE_STRIP = NO;
				DEBUG_INFORMATION_FORMAT = "dwarf-with-dsym";
				ENABLE_NS_ASSERTIONS = NO;
				ENABLE_STRICT_OBJC_MSGSEND = YES;
				GCC_C_LANGUAGE_STANDARD = gnu99;
				GCC_NO_COMMON_BLOCKS = YES;
				GCC_WARN_64_TO_32_BIT_CONVERSION = YES;
				GCC_WARN_ABOUT_RETURN_TYPE = YES_ERROR;
				GCC_WARN_UNDECLARED_SELECTOR = YES;
				GCC_WARN_UNINITIALIZED_AUTOS = YES_AGGRESSIVE;
				GCC_WARN_UNUSED_FUNCTION = YES;
				GCC_WARN_UNUSED_VARIABLE = YES;
				IPHONEOS_DEPLOYMENT_TARGET = 10.2;
				MTL_ENABLE_DEBUG_INFO = NO;
				SDKROOT = iphoneos;
				VALIDATE_PRODUCT = YES;
			};
			name = Release;
		};
		A568B4571E2106A500728B56 /* Debug */ = {
			isa = XCBuildConfiguration;
			buildSettings = {
				ASSETCATALOG_COMPILER_APPICON_NAME = AppIcon;
				DEVELOPMENT_TEAM = 4K3RZ7GC4T;
				ENABLE_BITCODE = NO;
				FRAMEWORK_SEARCH_PATHS = (
					"$(inherited)",
					"$(PROJECT_DIR)/Tesseract\\ Starter",
					"$(PROJECT_DIR)/Tesseract\\ Starter",
					"$(PROJECT_DIR)",
				);
				INFOPLIST_FILE = "Tesseract Starter/Info.plist";
				LD_RUNPATH_SEARCH_PATHS = "$(inherited) @executable_path/Frameworks";
				PRODUCT_BUNDLE_IDENTIFIER = "com.marchampson.Tesseract-Starter";
				PRODUCT_NAME = "$(TARGET_NAME)";
			};
			name = Debug;
		};
		A568B4581E2106A500728B56 /* Release */ = {
			isa = XCBuildConfiguration;
			buildSettings = {
				ASSETCATALOG_COMPILER_APPICON_NAME = AppIcon;
				DEVELOPMENT_TEAM = 4K3RZ7GC4T;
				ENABLE_BITCODE = NO;
				FRAMEWORK_SEARCH_PATHS = (
					"$(inherited)",
					"$(PROJECT_DIR)/Tesseract\\ Starter",
					"$(PROJECT_DIR)/Tesseract\\ Starter",
					"$(PROJECT_DIR)",
				);
				INFOPLIST_FILE = "Tesseract Starter/Info.plist";
				LD_RUNPATH_SEARCH_PATHS = "$(inherited) @executable_path/Frameworks";
				PRODUCT_BUNDLE_IDENTIFIER = "com.marchampson.Tesseract-Starter";
				PRODUCT_NAME = "$(TARGET_NAME)";
			};
			name = Release;
		};
/* End XCBuildConfiguration section */

/* Begin XCConfigurationList section */
		A568B43A1E2106A500728B56 /* Build configuration list for PBXProject "Tesseract Starter" */ = {
			isa = XCConfigurationList;
			buildConfigurations = (
				A568B4541E2106A500728B56 /* Debug */,
				A568B4551E2106A500728B56 /* Release */,
			);
			defaultConfigurationIsVisible = 0;
			defaultConfigurationName = Release;
		};
		A568B4561E2106A500728B56 /* Build configuration list for PBXNativeTarget "Tesseract Starter" */ = {
			isa = XCConfigurationList;
			buildConfigurations = (
				A568B4571E2106A500728B56 /* Debug */,
				A568B4581E2106A500728B56 /* Release */,
			);
			defaultConfigurationIsVisible = 0;
			defaultConfigurationName = Release;
		};
/* End XCConfigurationList section */
	};
	rootObject = A568B4371E2106A500728B56 /* Project object */;
}
